// !$*UTF8*$!
{
	archiveVersion = 1;
	classes = {
	};
	objectVersion = 50;
	objects = {

/* Begin PBXBuildFile section */
		704E9D6C2549D8F100CD005E /* AppDelegate.swift in Sources */ = {isa = PBXBuildFile; fileRef = 704E9D6B2549D8F100CD005E /* AppDelegate.swift */; };
		704E9D6E2549D8F100CD005E /* SceneDelegate.swift in Sources */ = {isa = PBXBuildFile; fileRef = 704E9D6D2549D8F100CD005E /* SceneDelegate.swift */; };
		704E9D702549D8F100CD005E /* MainViewController.swift in Sources */ = {isa = PBXBuildFile; fileRef = 704E9D6F2549D8F100CD005E /* MainViewController.swift */; };
		704E9D732549D8F100CD005E /* Main.storyboard in Resources */ = {isa = PBXBuildFile; fileRef = 704E9D712549D8F100CD005E /* Main.storyboard */; };
		704E9D752549D8F400CD005E /* Assets.xcassets in Resources */ = {isa = PBXBuildFile; fileRef = 704E9D742549D8F400CD005E /* Assets.xcassets */; };
		704E9D782549D8F400CD005E /* LaunchScreen.storyboard in Resources */ = {isa = PBXBuildFile; fileRef = 704E9D762549D8F400CD005E /* LaunchScreen.storyboard */; };
		704E9D812549D96300CD005E /* Graph Model.swift in Sources */ = {isa = PBXBuildFile; fileRef = 704E9D802549D96300CD005E /* Graph Model.swift */; };
		7051B437254EBA090024DF40 /* StationButton.swift in Sources */ = {isa = PBXBuildFile; fileRef = 7051B436254EBA090024DF40 /* StationButton.swift */; };
		7051B43A254EBA890024DF40 /* MetroScheme.xib in Resources */ = {isa = PBXBuildFile; fileRef = 7051B439254EBA890024DF40 /* MetroScheme.xib */; };
		7051B43D254EBC5D0024DF40 /* MetroScheme.swift in Sources */ = {isa = PBXBuildFile; fileRef = 7051B43C254EBC5D0024DF40 /* MetroScheme.swift */; };
		70E68711254DF2FC00F2CFEE /* EdgeView.swift in Sources */ = {isa = PBXBuildFile; fileRef = 70E68710254DF2FC00F2CFEE /* EdgeView.swift */; };
/* End PBXBuildFile section */

/* Begin PBXFileReference section */
		704E9D682549D8F100CD005E /* Metro.app */ = {isa = PBXFileReference; explicitFileType = wrapper.application; includeInIndex = 0; path = Metro.app; sourceTree = BUILT_PRODUCTS_DIR; };
		704E9D6B2549D8F100CD005E /* AppDelegate.swift */ = {isa = PBXFileReference; lastKnownFileType = sourcecode.swift; path = AppDelegate.swift; sourceTree = "<group>"; };
		704E9D6D2549D8F100CD005E /* SceneDelegate.swift */ = {isa = PBXFileReference; lastKnownFileType = sourcecode.swift; path = SceneDelegate.swift; sourceTree = "<group>"; };
		704E9D6F2549D8F100CD005E /* MainViewController.swift */ = {isa = PBXFileReference; lastKnownFileType = sourcecode.swift; path = MainViewController.swift; sourceTree = "<group>"; };
		704E9D722549D8F100CD005E /* Base */ = {isa = PBXFileReference; lastKnownFileType = file.storyboard; name = Base; path = Base.lproj/Main.storyboard; sourceTree = "<group>"; };
		704E9D742549D8F400CD005E /* Assets.xcassets */ = {isa = PBXFileReference; lastKnownFileType = folder.assetcatalog; path = Assets.xcassets; sourceTree = "<group>"; };
		704E9D772549D8F400CD005E /* Base */ = {isa = PBXFileReference; lastKnownFileType = file.storyboard; name = Base; path = Base.lproj/LaunchScreen.storyboard; sourceTree = "<group>"; };
		704E9D792549D8F400CD005E /* Info.plist */ = {isa = PBXFileReference; lastKnownFileType = text.plist.xml; path = Info.plist; sourceTree = "<group>"; };
		704E9D802549D96300CD005E /* Graph Model.swift */ = {isa = PBXFileReference; lastKnownFileType = sourcecode.swift; path = "Graph Model.swift"; sourceTree = "<group>"; };
		7051B436254EBA090024DF40 /* StationButton.swift */ = {isa = PBXFileReference; lastKnownFileType = sourcecode.swift; path = StationButton.swift; sourceTree = "<group>"; };
		7051B439254EBA890024DF40 /* MetroScheme.xib */ = {isa = PBXFileReference; lastKnownFileType = file.xib; path = MetroScheme.xib; sourceTree = "<group>"; };
		7051B43C254EBC5D0024DF40 /* MetroScheme.swift */ = {isa = PBXFileReference; lastKnownFileType = sourcecode.swift; path = MetroScheme.swift; sourceTree = "<group>"; };
		70E68710254DF2FC00F2CFEE /* EdgeView.swift */ = {isa = PBXFileReference; lastKnownFileType = sourcecode.swift; path = EdgeView.swift; sourceTree = "<group>"; };
/* End PBXFileReference section */

/* Begin PBXFrameworksBuildPhase section */
		704E9D652549D8F100CD005E /* Frameworks */ = {
			isa = PBXFrameworksBuildPhase;
			buildActionMask = 2147483647;
			files = (
			);
			runOnlyForDeploymentPostprocessing = 0;
		};
/* End PBXFrameworksBuildPhase section */

/* Begin PBXGroup section */
		704E9D5F2549D8F100CD005E = {
			isa = PBXGroup;
			children = (
				704E9D6A2549D8F100CD005E /* Metro */,
				704E9D692549D8F100CD005E /* Products */,
			);
			sourceTree = "<group>";
		};
		704E9D692549D8F100CD005E /* Products */ = {
			isa = PBXGroup;
			children = (
				704E9D682549D8F100CD005E /* Metro.app */,
			);
			name = Products;
			sourceTree = "<group>";
		};
		704E9D6A2549D8F100CD005E /* Metro */ = {
			isa = PBXGroup;
			children = (
				704E9D6B2549D8F100CD005E /* AppDelegate.swift */,
				704E9D6D2549D8F100CD005E /* SceneDelegate.swift */,
				704E9D6F2549D8F100CD005E /* MainViewController.swift */,
				704E9D802549D96300CD005E /* Graph Model.swift */,
				704E9D712549D8F100CD005E /* Main.storyboard */,
				7051B439254EBA890024DF40 /* MetroScheme.xib */,
				7051B43C254EBC5D0024DF40 /* MetroScheme.swift */,
				70E68710254DF2FC00F2CFEE /* EdgeView.swift */,
				7051B436254EBA090024DF40 /* StationButton.swift */,
				704E9D742549D8F400CD005E /* Assets.xcassets */,
				704E9D762549D8F400CD005E /* LaunchScreen.storyboard */,
				704E9D792549D8F400CD005E /* Info.plist */,
			);
			path = Metro;
			sourceTree = "<group>";
		};
/* End PBXGroup section */

/* Begin PBXNativeTarget section */
		704E9D672549D8F100CD005E /* Metro */ = {
			isa = PBXNativeTarget;
			buildConfigurationList = 704E9D7C2549D8F400CD005E /* Build configuration list for PBXNativeTarget "Metro" */;
			buildPhases = (
				704E9D642549D8F100CD005E /* Sources */,
				704E9D652549D8F100CD005E /* Frameworks */,
				704E9D662549D8F100CD005E /* Resources */,
			);
			buildRules = (
			);
			dependencies = (
			);
			name = Metro;
			productName = Metro;
			productReference = 704E9D682549D8F100CD005E /* Metro.app */;
			productType = "com.apple.product-type.application";
		};
/* End PBXNativeTarget section */

/* Begin PBXProject section */
		704E9D602549D8F100CD005E /* Project object */ = {
			isa = PBXProject;
			attributes = {
				LastSwiftUpdateCheck = 1210;
				LastUpgradeCheck = 1210;
				TargetAttributes = {
					704E9D672549D8F100CD005E = {
						CreatedOnToolsVersion = 12.1;
					};
				};
			};
			buildConfigurationList = 704E9D632549D8F100CD005E /* Build configuration list for PBXProject "Metro" */;
			compatibilityVersion = "Xcode 9.3";
			developmentRegion = en;
			hasScannedForEncodings = 0;
			knownRegions = (
				en,
				Base,
			);
			mainGroup = 704E9D5F2549D8F100CD005E;
			productRefGroup = 704E9D692549D8F100CD005E /* Products */;
			projectDirPath = "";
			projectRoot = "";
			targets = (
				704E9D672549D8F100CD005E /* Metro */,
			);
		};
/* End PBXProject section */

/* Begin PBXResourcesBuildPhase section */
		704E9D662549D8F100CD005E /* Resources */ = {
			isa = PBXResourcesBuildPhase;
			buildActionMask = 2147483647;
			files = (
				7051B43A254EBA890024DF40 /* MetroScheme.xib in Resources */,
				704E9D782549D8F400CD005E /* LaunchScreen.storyboard in Resources */,
				704E9D752549D8F400CD005E /* Assets.xcassets in Resources */,
				704E9D732549D8F100CD005E /* Main.storyboard in Resources */,
			);
			runOnlyForDeploymentPostprocessing = 0;
		};
/* End PBXResourcesBuildPhase section */

/* Begin PBXSourcesBuildPhase section */
		704E9D642549D8F100CD005E /* Sources */ = {
			isa = PBXSourcesBuildPhase;
			buildActionMask = 2147483647;
			files = (
				7051B437254EBA090024DF40 /* StationButton.swift in Sources */,
				704E9D702549D8F100CD005E /* MainViewController.swift in Sources */,
				704E9D6C2549D8F100CD005E /* AppDelegate.swift in Sources */,
				70E68711254DF2FC00F2CFEE /* EdgeView.swift in Sources */,
				704E9D6E2549D8F100CD005E /* SceneDelegate.swift in Sources */,
				7051B43D254EBC5D0024DF40 /* MetroScheme.swift in Sources */,
				704E9D812549D96300CD005E /* Graph Model.swift in Sources */,
			);
			runOnlyForDeploymentPostprocessing = 0;
		};
/* End PBXSourcesBuildPhase section */

/* Begin PBXVariantGroup section */
		704E9D712549D8F100CD005E /* Main.storyboard */ = {
			isa = PBXVariantGroup;
			children = (
				704E9D722549D8F100CD005E /* Base */,
			);
			name = Main.storyboard;
			sourceTree = "<group>";
		};
		704E9D762549D8F400CD005E /* LaunchScreen.storyboard */ = {
			isa = PBXVariantGroup;
			children = (
				704E9D772549D8F400CD005E /* Base */,
			);
			name = LaunchScreen.storyboard;
			sourceTree = "<group>";
		};
/* End PBXVariantGroup section */

/* Begin XCBuildConfiguration section */
		704E9D7A2549D8F400CD005E /* Debug */ = {
			isa = XCBuildConfiguration;
			buildSettings = {
				ALWAYS_SEARCH_USER_PATHS = NO;
				CLANG_ANALYZER_NONNULL = YES;
				CLANG_ANALYZER_NUMBER_OBJECT_CONVERSION = YES_AGGRESSIVE;
				CLANG_CXX_LANGUAGE_STANDARD = "gnu++14";
				CLANG_CXX_LIBRARY = "libc++";
				CLANG_ENABLE_MODULES = YES;
				CLANG_ENABLE_OBJC_ARC = YES;
				CLANG_ENABLE_OBJC_WEAK = YES;
				CLANG_WARN_BLOCK_CAPTURE_AUTORELEASING = YES;
				CLANG_WARN_BOOL_CONVERSION = YES;
				CLANG_WARN_COMMA = YES;
				CLANG_WARN_CONSTANT_CONVERSION = YES;
				CLANG_WARN_DEPRECATED_OBJC_IMPLEMENTATIONS = YES;
				CLANG_WARN_DIRECT_OBJC_ISA_USAGE = YES_ERROR;
				CLANG_WARN_DOCUMENTATION_COMMENTS = YES;
				CLANG_WARN_EMPTY_BODY = YES;
				CLANG_WARN_ENUM_CONVERSION = YES;
				CLANG_WARN_INFINITE_RECURSION = YES;
				CLANG_WARN_INT_CONVERSION = YES;
				CLANG_WARN_NON_LITERAL_NULL_CONVERSION = YES;
				CLANG_WARN_OBJC_IMPLICIT_RETAIN_SELF = YES;
				CLANG_WARN_OBJC_LITERAL_CONVERSION = YES;
				CLANG_WARN_OBJC_ROOT_CLASS = YES_ERROR;
				CLANG_WARN_QUOTED_INCLUDE_IN_FRAMEWORK_HEADER = YES;
				CLANG_WARN_RANGE_LOOP_ANALYSIS = YES;
				CLANG_WARN_STRICT_PROTOTYPES = YES;
				CLANG_WARN_SUSPICIOUS_MOVE = YES;
				CLANG_WARN_UNGUARDED_AVAILABILITY = YES_AGGRESSIVE;
				CLANG_WARN_UNREACHABLE_CODE = YES;
				CLANG_WARN__DUPLICATE_METHOD_MATCH = YES;
				COPY_PHASE_STRIP = NO;
				DEBUG_INFORMATION_FORMAT = dwarf;
				ENABLE_STRICT_OBJC_MSGSEND = YES;
				ENABLE_TESTABILITY = YES;
				GCC_C_LANGUAGE_STANDARD = gnu11;
				GCC_DYNAMIC_NO_PIC = NO;
				GCC_NO_COMMON_BLOCKS = YES;
				GCC_OPTIMIZATION_LEVEL = 0;
				GCC_PREPROCESSOR_DEFINITIONS = (
					"DEBUG=1",
					"$(inherited)",
				);
				GCC_WARN_64_TO_32_BIT_CONVERSION = YES;
				GCC_WARN_ABOUT_RETURN_TYPE = YES_ERROR;
				GCC_WARN_UNDECLARED_SELECTOR = YES;
				GCC_WARN_UNINITIALIZED_AUTOS = YES_AGGRESSIVE;
				GCC_WARN_UNUSED_FUNCTION = YES;
				GCC_WARN_UNUSED_VARIABLE = YES;
				IPHONEOS_DEPLOYMENT_TARGET = 14.1;
				MTL_ENABLE_DEBUG_INFO = INCLUDE_SOURCE;
				MTL_FAST_MATH = YES;
				ONLY_ACTIVE_ARCH = YES;
				SDKROOT = iphoneos;
				SWIFT_ACTIVE_COMPILATION_CONDITIONS = DEBUG;
				SWIFT_OPTIMIZATION_LEVEL = "-Onone";
			};
			name = Debug;
		};
		704E9D7B2549D8F400CD005E /* Release */ = {
			isa = XCBuildConfiguration;
			buildSettings = {
				ALWAYS_SEARCH_USER_PATHS = NO;
				CLANG_ANALYZER_NONNULL = YES;
				CLANG_ANALYZER_NUMBER_OBJECT_CONVERSION = YES_AGGRESSIVE;
				CLANG_CXX_LANGUAGE_STANDARD = "gnu++14";
				CLANG_CXX_LIBRARY = "libc++";
				CLANG_ENABLE_MODULES = YES;
				CLANG_ENABLE_OBJC_ARC = YES;
				CLANG_ENABLE_OBJC_WEAK = YES;
				CLANG_WARN_BLOCK_CAPTURE_AUTORELEASING = YES;
				CLANG_WARN_BOOL_CONVERSION = YES;
				CLANG_WARN_COMMA = YES;
				CLANG_WARN_CONSTANT_CONVERSION = YES;
				CLANG_WARN_DEPRECATED_OBJC_IMPLEMENTATIONS = YES;
				CLANG_WARN_DIRECT_OBJC_ISA_USAGE = YES_ERROR;
				CLANG_WARN_DOCUMENTATION_COMMENTS = YES;
				CLANG_WARN_EMPTY_BODY = YES;
				CLANG_WARN_ENUM_CONVERSION = YES;
				CLANG_WARN_INFINITE_RECURSION = YES;
				CLANG_WARN_INT_CONVERSION = YES;
				CLANG_WARN_NON_LITERAL_NULL_CONVERSION = YES;
				CLANG_WARN_OBJC_IMPLICIT_RETAIN_SELF = YES;
				CLANG_WARN_OBJC_LITERAL_CONVERSION = YES;
				CLANG_WARN_OBJC_ROOT_CLASS = YES_ERROR;
				CLANG_WARN_QUOTED_INCLUDE_IN_FRAMEWORK_HEADER = YES;
				CLANG_WARN_RANGE_LOOP_ANALYSIS = YES;
				CLANG_WARN_STRICT_PROTOTYPES = YES;
				CLANG_WARN_SUSPICIOUS_MOVE = YES;
				CLANG_WARN_UNGUARDED_AVAILABILITY = YES_AGGRESSIVE;
				CLANG_WARN_UNREACHABLE_CODE = YES;
				CLANG_WARN__DUPLICATE_METHOD_MATCH = YES;
				COPY_PHASE_STRIP = NO;
				DEBUG_INFORMATION_FORMAT = "dwarf-with-dsym";
				ENABLE_NS_ASSERTIONS = NO;
				ENABLE_STRICT_OBJC_MSGSEND = YES;
				GCC_C_LANGUAGE_STANDARD = gnu11;
				GCC_NO_COMMON_BLOCKS = YES;
				GCC_WARN_64_TO_32_BIT_CONVERSION = YES;
				GCC_WARN_ABOUT_RETURN_TYPE = YES_ERROR;
				GCC_WARN_UNDECLARED_SELECTOR = YES;
				GCC_WARN_UNINITIALIZED_AUTOS = YES_AGGRESSIVE;
				GCC_WARN_UNUSED_FUNCTION = YES;
				GCC_WARN_UNUSED_VARIABLE = YES;
				IPHONEOS_DEPLOYMENT_TARGET = 14.1;
				MTL_ENABLE_DEBUG_INFO = NO;
				MTL_FAST_MATH = YES;
				SDKROOT = iphoneos;
				SWIFT_COMPILATION_MODE = wholemodule;
				SWIFT_OPTIMIZATION_LEVEL = "-O";
				VALIDATE_PRODUCT = YES;
			};
			name = Release;
		};
		704E9D7D2549D8F400CD005E /* Debug */ = {
			isa = XCBuildConfiguration;
			buildSettings = {
				ASSETCATALOG_COMPILER_APPICON_NAME = AppIcon;
				ASSETCATALOG_COMPILER_GLOBAL_ACCENT_COLOR_NAME = AccentColor;
				CODE_SIGN_STYLE = Automatic;
				INFOPLIST_FILE = Metro/Info.plist;
				LD_RUNPATH_SEARCH_PATHS = (
					"$(inherited)",
					"@executable_path/Frameworks",
				);
				PRODUCT_BUNDLE_IDENTIFIER = EM.Metro;
				PRODUCT_NAME = "$(TARGET_NAME)";
				SWIFT_VERSION = 5.0;
				TARGETED_DEVICE_FAMILY = "1,2";
			};
			name = Debug;
		};
		704E9D7E2549D8F400CD005E /* Release */ = {
			isa = XCBuildConfiguration;
			buildSettings = {
				ASSETCATALOG_COMPILER_APPICON_NAME = AppIcon;
				ASSETCATALOG_COMPILER_GLOBAL_ACCENT_COLOR_NAME = AccentColor;
				CODE_SIGN_STYLE = Automatic;
				INFOPLIST_FILE = Metro/Info.plist;
				LD_RUNPATH_SEARCH_PATHS = (
					"$(inherited)",
					"@executable_path/Frameworks",
				);
				PRODUCT_BUNDLE_IDENTIFIER = EM.Metro;
				PRODUCT_NAME = "$(TARGET_NAME)";
				SWIFT_VERSION = 5.0;
				TARGETED_DEVICE_FAMILY = "1,2";
			};
			name = Release;
		};
/* End XCBuildConfiguration section */

/* Begin XCConfigurationList section */
		704E9D632549D8F100CD005E /* Build configuration list for PBXProject "Metro" */ = {
			isa = XCConfigurationList;
			buildConfigurations = (
				704E9D7A2549D8F400CD005E /* Debug */,
				704E9D7B2549D8F400CD005E /* Release */,
			);
			defaultConfigurationIsVisible = 0;
			defaultConfigurationName = Release;
		};
		704E9D7C2549D8F400CD005E /* Build configuration list for PBXNativeTarget "Metro" */ = {
			isa = XCConfigurationList;
			buildConfigurations = (
				704E9D7D2549D8F400CD005E /* Debug */,
				704E9D7E2549D8F400CD005E /* Release */,
			);
			defaultConfigurationIsVisible = 0;
			defaultConfigurationName = Release;
		};
/* End XCConfigurationList section */
	};
	rootObject = 704E9D602549D8F100CD005E /* Project object */;
}
